
Microsoft Visual Studio Solution File, Format Version 12.00
# Visual Studio Version 17
VisualStudioVersion = 17.6.33829.357
MinimumVisualStudioVersion = 10.0.40219.1
Project("{FAE04EC0-301F-11D3-BF4B-00C04F79EFBC}") = "UserTrain", "UserTrain\UserTrain.csproj", "{1E366386-6E89-41A0-9577-EDBDFDF9BDAF}"
EndProject
Global
	GlobalSection(SolutionConfigurationPlatforms) = preSolution
		Debug|Any CPU = Debug|Any CPU
		Release|Any CPU = Release|Any CPU
	EndGlobalSection
	GlobalSection(ProjectConfigurationPlatforms) = postSolution
		{1E366386-6E89-41A0-9577-EDBDFDF9BDAF}.Debug|Any CPU.ActiveCfg = Debug|Any CPU
		{1E366386-6E89-41A0-9577-EDBDFDF9BDAF}.Debug|Any CPU.Build.0 = Debug|Any CPU
		{1E366386-6E89-41A0-9577-EDBDFDF9BDAF}.Release|Any CPU.ActiveCfg = Release|Any CPU
		{1E366386-6E89-41A0-9577-EDBDFDF9BDAF}.Release|Any CPU.Build.0 = Release|Any CPU
	EndGlobalSection
	GlobalSection(SolutionProperties) = preSolution
		HideSolutionNode = FALSE
	EndGlobalSection
	GlobalSection(ExtensibilityGlobals) = postSolution
		SolutionGuid = {88E3DE85-6552-46B4-B600-8181E226419F}
	EndGlobalSection
EndGlobal
